
Microsoft Visual Studio Solution File, Format Version 12.00
# Visual Studio Version 16
VisualStudioVersion = 16.0.29230.47
MinimumVisualStudioVersion = 10.0.40219.1
Project("{FAE04EC0-301F-11D3-BF4B-00C04F79EFBC}") = "Memoria", "Memoria\Memoria.csproj", "{50585CC3-D6E4-4342-9A51-BEC707B027EE}"
EndProject
Global
	GlobalSection(SolutionConfigurationPlatforms) = preSolution
		Debug|Any CPU = Debug|Any CPU
		Release|Any CPU = Release|Any CPU
	EndGlobalSection
	GlobalSection(ProjectConfigurationPlatforms) = postSolution
		{50585CC3-D6E4-4342-9A51-BEC707B027EE}.Debug|Any CPU.ActiveCfg = Debug|Any CPU
		{50585CC3-D6E4-4342-9A51-BEC707B027EE}.Debug|Any CPU.Build.0 = Debug|Any CPU
		{50585CC3-D6E4-4342-9A51-BEC707B027EE}.Release|Any CPU.ActiveCfg = Release|Any CPU
		{50585CC3-D6E4-4342-9A51-BEC707B027EE}.Release|Any CPU.Build.0 = Release|Any CPU
	EndGlobalSection
	GlobalSection(SolutionProperties) = preSolution
		HideSolutionNode = FALSE
	EndGlobalSection
	GlobalSection(ExtensibilityGlobals) = postSolution
		SolutionGuid = {4B37567C-A8E9-4CD6-AA63-D505AB853FE1}
	EndGlobalSection
EndGlobal
